
Microsoft Visual Studio Solution File, Format Version 12.00
# Visual Studio 15
VisualStudioVersion = 15.0.26730.15
MinimumVisualStudioVersion = 10.0.40219.1
Project("{FAE04EC0-301F-11D3-BF4B-00C04F79EFBC}") = "DotNetHelpers.Logging", "DotNetHelpers.Logging\DotNetHelpers.Logging.csproj", "{5A4B88A6-3C54-485B-ADD5-409996B5C6B3}"
EndProject
Global
	GlobalSection(SolutionConfigurationPlatforms) = preSolution
		Debug|Any CPU = Debug|Any CPU
		Release|Any CPU = Release|Any CPU
	EndGlobalSection
	GlobalSection(ProjectConfigurationPlatforms) = postSolution
		{5A4B88A6-3C54-485B-ADD5-409996B5C6B3}.Debug|Any CPU.ActiveCfg = Debug|Any CPU
		{5A4B88A6-3C54-485B-ADD5-409996B5C6B3}.Debug|Any CPU.Build.0 = Debug|Any CPU
		{5A4B88A6-3C54-485B-ADD5-409996B5C6B3}.Release|Any CPU.ActiveCfg = Release|Any CPU
		{5A4B88A6-3C54-485B-ADD5-409996B5C6B3}.Release|Any CPU.Build.0 = Release|Any CPU
	EndGlobalSection
	GlobalSection(SolutionProperties) = preSolution
		HideSolutionNode = FALSE
	EndGlobalSection
	GlobalSection(ExtensibilityGlobals) = postSolution
		SolutionGuid = {DC83DD2C-8231-4A0E-A01B-96A9E5397A0E}
	EndGlobalSection
EndGlobal
